
Microsoft Visual Studio Solution File, Format Version 12.00
# Visual Studio Version 16
VisualStudioVersion = 16.0.30014.187
MinimumVisualStudioVersion = 10.0.40219.1
Project("{FAE04EC0-301F-11D3-BF4B-00C04F79EFBC}") = "SSar.Presentation.API", "SSar\Server\SSar.Presentation.API.csproj", "{313F0928-FBE3-4383-8A6D-52D05927FFF1}"
EndProject
Project("{FAE04EC0-301F-11D3-BF4B-00C04F79EFBC}") = "SSar.Presentation.BlazorSpaUI", "SSar\Client\SSar.Presentation.BlazorSpaUI.csproj", "{59B069BE-B7DB-48A8-B690-3D49244C3034}"
EndProject
Project("{FAE04EC0-301F-11D3-BF4B-00C04F79EFBC}") = "SSar.Presentation.Common", "SSar\Shared\SSar.Presentation.Common.csproj", "{031CB2AD-B7B1-46D8-9ABF-4AD864402DFB}"
EndProject
Project("{2150E333-8FDC-42A3-9474-1A3956D46DE8}") = "Presentation", "Presentation", "{6FAAEEC5-2D07-4E34-B348-7ECF3E38233B}"
EndProject
Global
	GlobalSection(SolutionConfigurationPlatforms) = preSolution
		Debug|Any CPU = Debug|Any CPU
		Release|Any CPU = Release|Any CPU
	EndGlobalSection
	GlobalSection(ProjectConfigurationPlatforms) = postSolution
		{313F0928-FBE3-4383-8A6D-52D05927FFF1}.Debug|Any CPU.ActiveCfg = Debug|Any CPU
		{313F0928-FBE3-4383-8A6D-52D05927FFF1}.Debug|Any CPU.Build.0 = Debug|Any CPU
		{313F0928-FBE3-4383-8A6D-52D05927FFF1}.Release|Any CPU.ActiveCfg = Release|Any CPU
		{313F0928-FBE3-4383-8A6D-52D05927FFF1}.Release|Any CPU.Build.0 = Release|Any CPU
		{59B069BE-B7DB-48A8-B690-3D49244C3034}.Debug|Any CPU.ActiveCfg = Debug|Any CPU
		{59B069BE-B7DB-48A8-B690-3D49244C3034}.Debug|Any CPU.Build.0 = Debug|Any CPU
		{59B069BE-B7DB-48A8-B690-3D49244C3034}.Release|Any CPU.ActiveCfg = Release|Any CPU
		{59B069BE-B7DB-48A8-B690-3D49244C3034}.Release|Any CPU.Build.0 = Release|Any CPU
		{031CB2AD-B7B1-46D8-9ABF-4AD864402DFB}.Debug|Any CPU.ActiveCfg = Debug|Any CPU
		{031CB2AD-B7B1-46D8-9ABF-4AD864402DFB}.Debug|Any CPU.Build.0 = Debug|Any CPU
		{031CB2AD-B7B1-46D8-9ABF-4AD864402DFB}.Release|Any CPU.ActiveCfg = Release|Any CPU
		{031CB2AD-B7B1-46D8-9ABF-4AD864402DFB}.Release|Any CPU.Build.0 = Release|Any CPU
	EndGlobalSection
	GlobalSection(SolutionProperties) = preSolution
		HideSolutionNode = FALSE
	EndGlobalSection
	GlobalSection(NestedProjects) = preSolution
		{313F0928-FBE3-4383-8A6D-52D05927FFF1} = {6FAAEEC5-2D07-4E34-B348-7ECF3E38233B}
		{59B069BE-B7DB-48A8-B690-3D49244C3034} = {6FAAEEC5-2D07-4E34-B348-7ECF3E38233B}
		{031CB2AD-B7B1-46D8-9ABF-4AD864402DFB} = {6FAAEEC5-2D07-4E34-B348-7ECF3E38233B}
	EndGlobalSection
	GlobalSection(ExtensibilityGlobals) = postSolution
		SolutionGuid = {10111335-23BD-46AB-9BA0-DFB886C44F68}
	EndGlobalSection
EndGlobal
