
Microsoft Visual Studio Solution File, Format Version 12.00
# Visual Studio Version 16
VisualStudioVersion = 16.0.30014.187
MinimumVisualStudioVersion = 10.0.40219.1
Project("{9A19103F-16F7-4668-BE54-9A1E7A4F7556}") = "SSar.Presentation.API", "Src\SSar.Presentation.API\SSar.Presentation.API.csproj", "{313F0928-FBE3-4383-8A6D-52D05927FFF1}"
EndProject
Project("{9A19103F-16F7-4668-BE54-9A1E7A4F7556}") = "SSar.Presentation.BlazorSpaUI", "Src\SSar.Presentation.BlazorSpaUI\SSar.Presentation.BlazorSpaUI.csproj", "{59B069BE-B7DB-48A8-B690-3D49244C3034}"
EndProject
Project("{2150E333-8FDC-42A3-9474-1A3956D46DE8}") = "Presentation", "Presentation", "{6FAAEEC5-2D07-4E34-B348-7ECF3E38233B}"
EndProject
Project("{2150E333-8FDC-42A3-9474-1A3956D46DE8}") = "Src", "Src", "{FE7252A9-89EC-4F18-BE8C-4D58C65525AB}"
EndProject
Project("{2150E333-8FDC-42A3-9474-1A3956D46DE8}") = "Test", "Test", "{E5A9BCB5-E4E6-471B-8D57-92CBBFE45513}"
EndProject
Project("{9A19103F-16F7-4668-BE54-9A1E7A4F7556}") = "SSar.Presentation.UnitTests", "Test\SSar.Presentation.UnitTests\SSar.Presentation.UnitTests.csproj", "{72E9FB24-7470-4E43-BFC8-6B41A554D5D4}"
EndProject
Project("{9A19103F-16F7-4668-BE54-9A1E7A4F7556}") = "SSar.BC.UnitTests", "Test\SSar.BC.UnitTests\SSar.BC.UnitTests.csproj", "{E97CD201-231E-4AAE-BC08-92C12685DD11}"
EndProject
Project("{2150E333-8FDC-42A3-9474-1A3956D46DE8}") = "BoundedContexts", "BoundedContexts", "{0B441764-8D0E-4D13-A228-3068AC4C193B}"
EndProject
Project("{9A19103F-16F7-4668-BE54-9A1E7A4F7556}") = "SSar.BC.Common.Domain", "Src\SSar.BC.Common.Domain\SSar.BC.Common.Domain.csproj", "{AB9C6402-3058-46D0-BD51-18D29F16DE43}"
EndProject
Project("{9A19103F-16F7-4668-BE54-9A1E7A4F7556}") = "SSar.BC.MemberMgmt.Domain", "Src\SSar.BC.MemberMgmt.Domain\SSar.BC.MemberMgmt.Domain.csproj", "{0563367C-D054-463B-8F37-99F27C0CDC65}"
EndProject
Project("{9A19103F-16F7-4668-BE54-9A1E7A4F7556}") = "SSar.BC.MemberMgmt.Application", "Src\SSar.BC.MemberMgmt.Application\SSar.BC.MemberMgmt.Application.csproj", "{0B783EF6-EBF6-4598-BEAE-426B1C8C7B8A}"
EndProject
Project("{2150E333-8FDC-42A3-9474-1A3956D46DE8}") = "Infrastructure", "Infrastructure", "{E9878E70-0BE3-4D56-98DC-5225D2DA8388}"
EndProject
Project("{9A19103F-16F7-4668-BE54-9A1E7A4F7556}") = "SSar.Infrastructure", "Src\SSar.Infrastructure\SSar.Infrastructure.csproj", "{40B0DC66-5B80-4B51-B8D3-68189F53D4F0}"
EndProject
Project("{9A19103F-16F7-4668-BE54-9A1E7A4F7556}") = "SSar.BC.Common.Application", "Src\SSar.BC.Common.Application\SSar.BC.Common.Application.csproj", "{B11D0729-6664-4523-BC4F-B3E5BCE57335}"
EndProject
Project("{2150E333-8FDC-42A3-9474-1A3956D46DE8}") = "Docs", "Docs", "{03B698EE-03AE-4334-8986-7D54DB403E1D}"
	ProjectSection(SolutionItems) = preProject
		Credits.txt = Credits.txt
		Doc notes, code smells, etc..txt = Doc notes, code smells, etc..txt
	EndProjectSection
EndProject
Project("{2150E333-8FDC-42A3-9474-1A3956D46DE8}") = "UserMgmt", "UserMgmt", "{17AB5E5E-8523-4732-BBD9-3BB3EB930E41}"
EndProject
Project("{2150E333-8FDC-42A3-9474-1A3956D46DE8}") = "Common", "Common", "{4DDEA404-4B3C-4FF6-9B0C-488134C9BA98}"
EndProject
Project("{2150E333-8FDC-42A3-9474-1A3956D46DE8}") = "MemberMgmt", "MemberMgmt", "{6BF491F5-E133-41E7-94B4-D2520578BD40}"
EndProject
Project("{9A19103F-16F7-4668-BE54-9A1E7A4F7556}") = "SSar.BC.UserMgmt.Application", "Src\SSar.BC.UserMgmt.Application\SSar.BC.UserMgmt.Application.csproj", "{7432C403-6B50-4459-814A-4972788FA3A9}"
EndProject
Project("{9A19103F-16F7-4668-BE54-9A1E7A4F7556}") = "SSar.Presentation.ApiClient.CSharp", "Src\SSar.Presentation.ApiClient.CSharp\SSar.Presentation.ApiClient.CSharp.csproj", "{FA9A05D1-228E-4222-86AB-E893791BD4A9}"
EndProject
Project("{9A19103F-16F7-4668-BE54-9A1E7A4F7556}") = "SSar.BC.EntryControl.UnitTests", "Test\SSar.BC.EntryControl.UnitTests\SSar.BC.EntryControl.UnitTests.csproj", "{092FF3A9-33CB-4356-A30C-BF911BFE3D49}"
EndProject
Project("{2150E333-8FDC-42A3-9474-1A3956D46DE8}") = "EntryControl", "EntryControl", "{30F2D151-C786-444E-9EF3-011A1F933611}"
EndProject
Project("{9A19103F-16F7-4668-BE54-9A1E7A4F7556}") = "SSar.BC.EntryControl.Application", "Src\SSar.BC.EntryControl.Application\SSar.BC.EntryControl.Application.csproj", "{AA59EAB4-4540-4EC1-9337-78AEB85DAEAC}"
EndProject
Project("{9A19103F-16F7-4668-BE54-9A1E7A4F7556}") = "SSar.BC.EntryControl.Domain", "Src\SSar.BC.EntryControl.Domain\SSar.BC.EntryControl.Domain.csproj", "{6840E445-DA2F-4520-903A-C3997EF0C08B}"
EndProject
Project("{FAE04EC0-301F-11D3-BF4B-00C04F79EFBC}") = "SSar.BC.UserMgmt.Domain", "Src\SSar.BC.UserMgmt.Domain\SSar.BC.UserMgmt.Domain.csproj", "{BB5B8538-D801-47BD-93FD-489D9BA8FA63}"
EndProject
Global
	GlobalSection(SolutionConfigurationPlatforms) = preSolution
		Debug|Any CPU = Debug|Any CPU
		Release|Any CPU = Release|Any CPU
	EndGlobalSection
	GlobalSection(ProjectConfigurationPlatforms) = postSolution
		{313F0928-FBE3-4383-8A6D-52D05927FFF1}.Debug|Any CPU.ActiveCfg = Debug|Any CPU
		{313F0928-FBE3-4383-8A6D-52D05927FFF1}.Debug|Any CPU.Build.0 = Debug|Any CPU
		{313F0928-FBE3-4383-8A6D-52D05927FFF1}.Release|Any CPU.ActiveCfg = Release|Any CPU
		{313F0928-FBE3-4383-8A6D-52D05927FFF1}.Release|Any CPU.Build.0 = Release|Any CPU
		{59B069BE-B7DB-48A8-B690-3D49244C3034}.Debug|Any CPU.ActiveCfg = Debug|Any CPU
		{59B069BE-B7DB-48A8-B690-3D49244C3034}.Debug|Any CPU.Build.0 = Debug|Any CPU
		{59B069BE-B7DB-48A8-B690-3D49244C3034}.Release|Any CPU.ActiveCfg = Release|Any CPU
		{59B069BE-B7DB-48A8-B690-3D49244C3034}.Release|Any CPU.Build.0 = Release|Any CPU
		{72E9FB24-7470-4E43-BFC8-6B41A554D5D4}.Debug|Any CPU.ActiveCfg = Debug|Any CPU
		{72E9FB24-7470-4E43-BFC8-6B41A554D5D4}.Debug|Any CPU.Build.0 = Debug|Any CPU
		{72E9FB24-7470-4E43-BFC8-6B41A554D5D4}.Release|Any CPU.ActiveCfg = Release|Any CPU
		{72E9FB24-7470-4E43-BFC8-6B41A554D5D4}.Release|Any CPU.Build.0 = Release|Any CPU
		{E97CD201-231E-4AAE-BC08-92C12685DD11}.Debug|Any CPU.ActiveCfg = Debug|Any CPU
		{E97CD201-231E-4AAE-BC08-92C12685DD11}.Debug|Any CPU.Build.0 = Debug|Any CPU
		{E97CD201-231E-4AAE-BC08-92C12685DD11}.Release|Any CPU.ActiveCfg = Release|Any CPU
		{E97CD201-231E-4AAE-BC08-92C12685DD11}.Release|Any CPU.Build.0 = Release|Any CPU
		{AB9C6402-3058-46D0-BD51-18D29F16DE43}.Debug|Any CPU.ActiveCfg = Debug|Any CPU
		{AB9C6402-3058-46D0-BD51-18D29F16DE43}.Debug|Any CPU.Build.0 = Debug|Any CPU
		{AB9C6402-3058-46D0-BD51-18D29F16DE43}.Release|Any CPU.ActiveCfg = Release|Any CPU
		{AB9C6402-3058-46D0-BD51-18D29F16DE43}.Release|Any CPU.Build.0 = Release|Any CPU
		{0563367C-D054-463B-8F37-99F27C0CDC65}.Debug|Any CPU.ActiveCfg = Debug|Any CPU
		{0563367C-D054-463B-8F37-99F27C0CDC65}.Debug|Any CPU.Build.0 = Debug|Any CPU
		{0563367C-D054-463B-8F37-99F27C0CDC65}.Release|Any CPU.ActiveCfg = Release|Any CPU
		{0563367C-D054-463B-8F37-99F27C0CDC65}.Release|Any CPU.Build.0 = Release|Any CPU
		{0B783EF6-EBF6-4598-BEAE-426B1C8C7B8A}.Debug|Any CPU.ActiveCfg = Debug|Any CPU
		{0B783EF6-EBF6-4598-BEAE-426B1C8C7B8A}.Debug|Any CPU.Build.0 = Debug|Any CPU
		{0B783EF6-EBF6-4598-BEAE-426B1C8C7B8A}.Release|Any CPU.ActiveCfg = Release|Any CPU
		{0B783EF6-EBF6-4598-BEAE-426B1C8C7B8A}.Release|Any CPU.Build.0 = Release|Any CPU
		{40B0DC66-5B80-4B51-B8D3-68189F53D4F0}.Debug|Any CPU.ActiveCfg = Debug|Any CPU
		{40B0DC66-5B80-4B51-B8D3-68189F53D4F0}.Debug|Any CPU.Build.0 = Debug|Any CPU
		{40B0DC66-5B80-4B51-B8D3-68189F53D4F0}.Release|Any CPU.ActiveCfg = Release|Any CPU
		{40B0DC66-5B80-4B51-B8D3-68189F53D4F0}.Release|Any CPU.Build.0 = Release|Any CPU
		{B11D0729-6664-4523-BC4F-B3E5BCE57335}.Debug|Any CPU.ActiveCfg = Debug|Any CPU
		{B11D0729-6664-4523-BC4F-B3E5BCE57335}.Debug|Any CPU.Build.0 = Debug|Any CPU
		{B11D0729-6664-4523-BC4F-B3E5BCE57335}.Release|Any CPU.ActiveCfg = Release|Any CPU
		{B11D0729-6664-4523-BC4F-B3E5BCE57335}.Release|Any CPU.Build.0 = Release|Any CPU
		{7432C403-6B50-4459-814A-4972788FA3A9}.Debug|Any CPU.ActiveCfg = Debug|Any CPU
		{7432C403-6B50-4459-814A-4972788FA3A9}.Debug|Any CPU.Build.0 = Debug|Any CPU
		{7432C403-6B50-4459-814A-4972788FA3A9}.Release|Any CPU.ActiveCfg = Release|Any CPU
		{7432C403-6B50-4459-814A-4972788FA3A9}.Release|Any CPU.Build.0 = Release|Any CPU
		{FA9A05D1-228E-4222-86AB-E893791BD4A9}.Debug|Any CPU.ActiveCfg = Debug|Any CPU
		{FA9A05D1-228E-4222-86AB-E893791BD4A9}.Debug|Any CPU.Build.0 = Debug|Any CPU
		{FA9A05D1-228E-4222-86AB-E893791BD4A9}.Release|Any CPU.ActiveCfg = Release|Any CPU
		{FA9A05D1-228E-4222-86AB-E893791BD4A9}.Release|Any CPU.Build.0 = Release|Any CPU
		{092FF3A9-33CB-4356-A30C-BF911BFE3D49}.Debug|Any CPU.ActiveCfg = Debug|Any CPU
		{092FF3A9-33CB-4356-A30C-BF911BFE3D49}.Debug|Any CPU.Build.0 = Debug|Any CPU
		{092FF3A9-33CB-4356-A30C-BF911BFE3D49}.Release|Any CPU.ActiveCfg = Release|Any CPU
		{092FF3A9-33CB-4356-A30C-BF911BFE3D49}.Release|Any CPU.Build.0 = Release|Any CPU
		{AA59EAB4-4540-4EC1-9337-78AEB85DAEAC}.Debug|Any CPU.ActiveCfg = Debug|Any CPU
		{AA59EAB4-4540-4EC1-9337-78AEB85DAEAC}.Debug|Any CPU.Build.0 = Debug|Any CPU
		{AA59EAB4-4540-4EC1-9337-78AEB85DAEAC}.Release|Any CPU.ActiveCfg = Release|Any CPU
		{AA59EAB4-4540-4EC1-9337-78AEB85DAEAC}.Release|Any CPU.Build.0 = Release|Any CPU
		{6840E445-DA2F-4520-903A-C3997EF0C08B}.Debug|Any CPU.ActiveCfg = Debug|Any CPU
		{6840E445-DA2F-4520-903A-C3997EF0C08B}.Debug|Any CPU.Build.0 = Debug|Any CPU
		{6840E445-DA2F-4520-903A-C3997EF0C08B}.Release|Any CPU.ActiveCfg = Release|Any CPU
		{6840E445-DA2F-4520-903A-C3997EF0C08B}.Release|Any CPU.Build.0 = Release|Any CPU
		{BB5B8538-D801-47BD-93FD-489D9BA8FA63}.Debug|Any CPU.ActiveCfg = Debug|Any CPU
		{BB5B8538-D801-47BD-93FD-489D9BA8FA63}.Debug|Any CPU.Build.0 = Debug|Any CPU
		{BB5B8538-D801-47BD-93FD-489D9BA8FA63}.Release|Any CPU.ActiveCfg = Release|Any CPU
		{BB5B8538-D801-47BD-93FD-489D9BA8FA63}.Release|Any CPU.Build.0 = Release|Any CPU
	EndGlobalSection
	GlobalSection(SolutionProperties) = preSolution
		HideSolutionNode = FALSE
	EndGlobalSection
	GlobalSection(NestedProjects) = preSolution
		{313F0928-FBE3-4383-8A6D-52D05927FFF1} = {6FAAEEC5-2D07-4E34-B348-7ECF3E38233B}
		{59B069BE-B7DB-48A8-B690-3D49244C3034} = {6FAAEEC5-2D07-4E34-B348-7ECF3E38233B}
		{6FAAEEC5-2D07-4E34-B348-7ECF3E38233B} = {FE7252A9-89EC-4F18-BE8C-4D58C65525AB}
		{72E9FB24-7470-4E43-BFC8-6B41A554D5D4} = {E5A9BCB5-E4E6-471B-8D57-92CBBFE45513}
		{E97CD201-231E-4AAE-BC08-92C12685DD11} = {E5A9BCB5-E4E6-471B-8D57-92CBBFE45513}
		{0B441764-8D0E-4D13-A228-3068AC4C193B} = {FE7252A9-89EC-4F18-BE8C-4D58C65525AB}
		{AB9C6402-3058-46D0-BD51-18D29F16DE43} = {4DDEA404-4B3C-4FF6-9B0C-488134C9BA98}
		{0563367C-D054-463B-8F37-99F27C0CDC65} = {6BF491F5-E133-41E7-94B4-D2520578BD40}
		{0B783EF6-EBF6-4598-BEAE-426B1C8C7B8A} = {6BF491F5-E133-41E7-94B4-D2520578BD40}
		{E9878E70-0BE3-4D56-98DC-5225D2DA8388} = {FE7252A9-89EC-4F18-BE8C-4D58C65525AB}
		{40B0DC66-5B80-4B51-B8D3-68189F53D4F0} = {E9878E70-0BE3-4D56-98DC-5225D2DA8388}
		{B11D0729-6664-4523-BC4F-B3E5BCE57335} = {4DDEA404-4B3C-4FF6-9B0C-488134C9BA98}
		{17AB5E5E-8523-4732-BBD9-3BB3EB930E41} = {0B441764-8D0E-4D13-A228-3068AC4C193B}
		{4DDEA404-4B3C-4FF6-9B0C-488134C9BA98} = {0B441764-8D0E-4D13-A228-3068AC4C193B}
		{6BF491F5-E133-41E7-94B4-D2520578BD40} = {0B441764-8D0E-4D13-A228-3068AC4C193B}
		{7432C403-6B50-4459-814A-4972788FA3A9} = {17AB5E5E-8523-4732-BBD9-3BB3EB930E41}
		{FA9A05D1-228E-4222-86AB-E893791BD4A9} = {6FAAEEC5-2D07-4E34-B348-7ECF3E38233B}
		{092FF3A9-33CB-4356-A30C-BF911BFE3D49} = {E5A9BCB5-E4E6-471B-8D57-92CBBFE45513}
		{30F2D151-C786-444E-9EF3-011A1F933611} = {0B441764-8D0E-4D13-A228-3068AC4C193B}
		{AA59EAB4-4540-4EC1-9337-78AEB85DAEAC} = {30F2D151-C786-444E-9EF3-011A1F933611}
		{6840E445-DA2F-4520-903A-C3997EF0C08B} = {30F2D151-C786-444E-9EF3-011A1F933611}
		{BB5B8538-D801-47BD-93FD-489D9BA8FA63} = {17AB5E5E-8523-4732-BBD9-3BB3EB930E41}
	EndGlobalSection
	GlobalSection(ExtensibilityGlobals) = postSolution
		SolutionGuid = {10111335-23BD-46AB-9BA0-DFB886C44F68}
	EndGlobalSection
EndGlobal
